
Microsoft Visual Studio Solution File, Format Version 12.00
# Visual Studio Version 17
VisualStudioVersion = 17.5.33414.496
MinimumVisualStudioVersion = 10.0.40219.1
Project("{FAE04EC0-301F-11D3-BF4B-00C04F79EFBC}") = "ReDo", "ReDo\ReDo.csproj", "{1967BC69-CC6B-4D57-AF7A-B180204FAF34}"
EndProject
Global
	GlobalSection(SolutionConfigurationPlatforms) = preSolution
		Debug|Any CPU = Debug|Any CPU
		Release|Any CPU = Release|Any CPU
	EndGlobalSection
	GlobalSection(ProjectConfigurationPlatforms) = postSolution
		{1967BC69-CC6B-4D57-AF7A-B180204FAF34}.Debug|Any CPU.ActiveCfg = Debug|Any CPU
		{1967BC69-CC6B-4D57-AF7A-B180204FAF34}.Debug|Any CPU.Build.0 = Debug|Any CPU
		{1967BC69-CC6B-4D57-AF7A-B180204FAF34}.Release|Any CPU.ActiveCfg = Release|Any CPU
		{1967BC69-CC6B-4D57-AF7A-B180204FAF34}.Release|Any CPU.Build.0 = Release|Any CPU
	EndGlobalSection
	GlobalSection(SolutionProperties) = preSolution
		HideSolutionNode = FALSE
	EndGlobalSection
	GlobalSection(ExtensibilityGlobals) = postSolution
		SolutionGuid = {F3FFF4E7-F9AA-49BD-9B4F-126FC744861F}
	EndGlobalSection
EndGlobal
